
Microsoft Visual Studio Solution File, Format Version 12.00
# Visual Studio Version 17
VisualStudioVersion = 17.11.35219.272
MinimumVisualStudioVersion = 10.0.40219.1
Project("{FAE04EC0-301F-11D3-BF4B-00C04F79EFBC}") = "AppWebDesbloqueos", "AppWebDesbloqueos\AppWebDesbloqueos.csproj", "{9E667AF2-EA3A-4A60-B286-4F37BBA0F631}"
EndProject
Global
	GlobalSection(SolutionConfigurationPlatforms) = preSolution
		Debug|Any CPU = Debug|Any CPU
		Release|Any CPU = Release|Any CPU
	EndGlobalSection
	GlobalSection(ProjectConfigurationPlatforms) = postSolution
		{9E667AF2-EA3A-4A60-B286-4F37BBA0F631}.Debug|Any CPU.ActiveCfg = Debug|Any CPU
		{9E667AF2-EA3A-4A60-B286-4F37BBA0F631}.Debug|Any CPU.Build.0 = Debug|Any CPU
		{9E667AF2-EA3A-4A60-B286-4F37BBA0F631}.Release|Any CPU.ActiveCfg = Release|Any CPU
		{9E667AF2-EA3A-4A60-B286-4F37BBA0F631}.Release|Any CPU.Build.0 = Release|Any CPU
	EndGlobalSection
	GlobalSection(SolutionProperties) = preSolution
		HideSolutionNode = FALSE
	EndGlobalSection
	GlobalSection(ExtensibilityGlobals) = postSolution
		SolutionGuid = {076D37A9-A905-43D7-96C1-4DC8D967877C}
	EndGlobalSection
EndGlobal
